
Microsoft Visual Studio Solution File, Format Version 12.00
# Visual Studio Version 17
VisualStudioVersion = 17.0.32014.148
MinimumVisualStudioVersion = 10.0.40219.1
Project("{FAE04EC0-301F-11D3-BF4B-00C04F79EFBC}") = "ClassInheritance", "ClassInheritance\ClassInheritance.csproj", "{DD496F26-748E-408A-AD06-F7B8E2F39DEC}"
EndProject
Global
	GlobalSection(SolutionConfigurationPlatforms) = preSolution
		Debug|Any CPU = Debug|Any CPU
		Release|Any CPU = Release|Any CPU
	EndGlobalSection
	GlobalSection(ProjectConfigurationPlatforms) = postSolution
		{DD496F26-748E-408A-AD06-F7B8E2F39DEC}.Debug|Any CPU.ActiveCfg = Debug|Any CPU
		{DD496F26-748E-408A-AD06-F7B8E2F39DEC}.Debug|Any CPU.Build.0 = Debug|Any CPU
		{DD496F26-748E-408A-AD06-F7B8E2F39DEC}.Release|Any CPU.ActiveCfg = Release|Any CPU
		{DD496F26-748E-408A-AD06-F7B8E2F39DEC}.Release|Any CPU.Build.0 = Release|Any CPU
	EndGlobalSection
	GlobalSection(SolutionProperties) = preSolution
		HideSolutionNode = FALSE
	EndGlobalSection
	GlobalSection(ExtensibilityGlobals) = postSolution
		SolutionGuid = {5B029C13-EB96-4A1E-8683-F21310600A00}
	EndGlobalSection
EndGlobal
