
Microsoft Visual Studio Solution File, Format Version 12.00
# Visual Studio Version 17
VisualStudioVersion = 17.0.32112.339
MinimumVisualStudioVersion = 10.0.40219.1
Project("{FAE04EC0-301F-11D3-BF4B-00C04F79EFBC}") = "SurveyApp.UI", "SurveyApp.UI\SurveyApp.UI.csproj", "{5759E270-59C1-48C4-B512-409C3A93DA25}"
EndProject
Project("{FAE04EC0-301F-11D3-BF4B-00C04F79EFBC}") = "SurveyApp.BL", "SurveyApp.BL\SurveyApp.BL.csproj", "{92B74A32-9872-4CE9-B9FC-A8D34A89E03E}"
EndProject
Project("{FAE04EC0-301F-11D3-BF4B-00C04F79EFBC}") = "SurveyApp.Models", "SurveyApp.Models\SurveyApp.Models.csproj", "{5816E49B-FFB8-419F-8AC5-3E3A9AF487A5}"
EndProject
Project("{FAE04EC0-301F-11D3-BF4B-00C04F79EFBC}") = "SurveyApp.Interfaces", "SurveyApp.Interfaces\SurveyApp.Interfaces.csproj", "{A7023262-D512-4855-804A-59057C858951}"
EndProject
Project("{FAE04EC0-301F-11D3-BF4B-00C04F79EFBC}") = "SurveyApp.Data", "SurveyApp.Data\SurveyApp.Data.csproj", "{6769A959-920E-4267-947C-5CFC737FF8E9}"
EndProject
Global
	GlobalSection(SolutionConfigurationPlatforms) = preSolution
		Debug|Any CPU = Debug|Any CPU
		Release|Any CPU = Release|Any CPU
	EndGlobalSection
	GlobalSection(ProjectConfigurationPlatforms) = postSolution
		{5759E270-59C1-48C4-B512-409C3A93DA25}.Debug|Any CPU.ActiveCfg = Debug|Any CPU
		{5759E270-59C1-48C4-B512-409C3A93DA25}.Debug|Any CPU.Build.0 = Debug|Any CPU
		{5759E270-59C1-48C4-B512-409C3A93DA25}.Release|Any CPU.ActiveCfg = Release|Any CPU
		{5759E270-59C1-48C4-B512-409C3A93DA25}.Release|Any CPU.Build.0 = Release|Any CPU
		{92B74A32-9872-4CE9-B9FC-A8D34A89E03E}.Debug|Any CPU.ActiveCfg = Debug|Any CPU
		{92B74A32-9872-4CE9-B9FC-A8D34A89E03E}.Debug|Any CPU.Build.0 = Debug|Any CPU
		{92B74A32-9872-4CE9-B9FC-A8D34A89E03E}.Release|Any CPU.ActiveCfg = Release|Any CPU
		{92B74A32-9872-4CE9-B9FC-A8D34A89E03E}.Release|Any CPU.Build.0 = Release|Any CPU
		{5816E49B-FFB8-419F-8AC5-3E3A9AF487A5}.Debug|Any CPU.ActiveCfg = Debug|Any CPU
		{5816E49B-FFB8-419F-8AC5-3E3A9AF487A5}.Debug|Any CPU.Build.0 = Debug|Any CPU
		{5816E49B-FFB8-419F-8AC5-3E3A9AF487A5}.Release|Any CPU.ActiveCfg = Release|Any CPU
		{5816E49B-FFB8-419F-8AC5-3E3A9AF487A5}.Release|Any CPU.Build.0 = Release|Any CPU
		{A7023262-D512-4855-804A-59057C858951}.Debug|Any CPU.ActiveCfg = Debug|Any CPU
		{A7023262-D512-4855-804A-59057C858951}.Debug|Any CPU.Build.0 = Debug|Any CPU
		{A7023262-D512-4855-804A-59057C858951}.Release|Any CPU.ActiveCfg = Release|Any CPU
		{A7023262-D512-4855-804A-59057C858951}.Release|Any CPU.Build.0 = Release|Any CPU
		{6769A959-920E-4267-947C-5CFC737FF8E9}.Debug|Any CPU.ActiveCfg = Debug|Any CPU
		{6769A959-920E-4267-947C-5CFC737FF8E9}.Debug|Any CPU.Build.0 = Debug|Any CPU
		{6769A959-920E-4267-947C-5CFC737FF8E9}.Release|Any CPU.ActiveCfg = Release|Any CPU
		{6769A959-920E-4267-947C-5CFC737FF8E9}.Release|Any CPU.Build.0 = Release|Any CPU
	EndGlobalSection
	GlobalSection(SolutionProperties) = preSolution
		HideSolutionNode = FALSE
	EndGlobalSection
	GlobalSection(ExtensibilityGlobals) = postSolution
		SolutionGuid = {C4E2D717-A979-4CD1-874F-B5E6DAD8CCF2}
	EndGlobalSection
EndGlobal
